
Microsoft Visual Studio Solution File, Format Version 12.00
# Visual Studio Version 17
VisualStudioVersion = 17.9.34321.82
MinimumVisualStudioVersion = 10.0.40219.1
Project("{9A19103F-16F7-4668-BE54-9A1E7A4F7556}") = "Jellyfin-Plugin-AdultsSubtitle", "Jellyfin-Plugin-AdultsSubtitle\Jellyfin-Plugin-AdultsSubtitle.csproj", "{0D3F3273-1186-4EB6-892C-780F86479546}"
EndProject
Global
	GlobalSection(SolutionConfigurationPlatforms) = preSolution
		Debug.Emby|Any CPU = Debug.Emby|Any CPU
		Debug.Emby|x64 = Debug.Emby|x64
		Debug|Any CPU = Debug|Any CPU
		Debug|x64 = Debug|x64
		Release.Emby|Any CPU = Release.Emby|Any CPU
		Release.Emby|x64 = Release.Emby|x64
		Release|Any CPU = Release|Any CPU
		Release|x64 = Release|x64
	EndGlobalSection
	GlobalSection(ProjectConfigurationPlatforms) = postSolution
		{0D3F3273-1186-4EB6-892C-780F86479546}.Debug.Emby|Any CPU.ActiveCfg = Debug.Emby|Any CPU
		{0D3F3273-1186-4EB6-892C-780F86479546}.Debug.Emby|Any CPU.Build.0 = Debug.Emby|Any CPU
		{0D3F3273-1186-4EB6-892C-780F86479546}.Debug.Emby|x64.ActiveCfg = Debug.Emby|Any CPU
		{0D3F3273-1186-4EB6-892C-780F86479546}.Debug.Emby|x64.Build.0 = Debug.Emby|Any CPU
		{0D3F3273-1186-4EB6-892C-780F86479546}.Debug|Any CPU.ActiveCfg = Debug|Any CPU
		{0D3F3273-1186-4EB6-892C-780F86479546}.Debug|Any CPU.Build.0 = Debug|Any CPU
		{0D3F3273-1186-4EB6-892C-780F86479546}.Debug|x64.ActiveCfg = Debug|Any CPU
		{0D3F3273-1186-4EB6-892C-780F86479546}.Debug|x64.Build.0 = Debug|Any CPU
		{0D3F3273-1186-4EB6-892C-780F86479546}.Release.Emby|Any CPU.ActiveCfg = Release.Emby|Any CPU
		{0D3F3273-1186-4EB6-892C-780F86479546}.Release.Emby|Any CPU.Build.0 = Release.Emby|Any CPU
		{0D3F3273-1186-4EB6-892C-780F86479546}.Release.Emby|x64.ActiveCfg = Release.Emby|Any CPU
		{0D3F3273-1186-4EB6-892C-780F86479546}.Release.Emby|x64.Build.0 = Release.Emby|Any CPU
		{0D3F3273-1186-4EB6-892C-780F86479546}.Release|Any CPU.ActiveCfg = Release|Any CPU
		{0D3F3273-1186-4EB6-892C-780F86479546}.Release|Any CPU.Build.0 = Release|Any CPU
		{0D3F3273-1186-4EB6-892C-780F86479546}.Release|x64.ActiveCfg = Release|Any CPU
		{0D3F3273-1186-4EB6-892C-780F86479546}.Release|x64.Build.0 = Release|Any CPU
	EndGlobalSection
	GlobalSection(SolutionProperties) = preSolution
		HideSolutionNode = FALSE
	EndGlobalSection
	GlobalSection(ExtensibilityGlobals) = postSolution
		SolutionGuid = {99694DD0-8DB2-4D69-8E40-8FCFF41E0B4D}
	EndGlobalSection
EndGlobal
